// !$*UTF8*$!
{
	archiveVersion = 1;
	classes = {
	};
	objectVersion = 50;
	objects = {

/* Begin PBXBuildFile section */
		8449E17C211846A100DF4F21 /* tab_bar_calendar_normal.png in Resources */ = {isa = PBXBuildFile; fileRef = 8449E165211846A100DF4F21 /* tab_bar_calendar_normal.png */; };
		8449E17D211846A100DF4F21 /* AppDelegate.m in Sources */ = {isa = PBXBuildFile; fileRef = 8449E168211846A100DF4F21 /* AppDelegate.m */; };
		8449E17E211846A100DF4F21 /* MeViewController.m in Sources */ = {isa = PBXBuildFile; fileRef = 8449E16E211846A100DF4F21 /* MeViewController.m */; };
		8449E17F211846A100DF4F21 /* OneDayViewController.m in Sources */ = {isa = PBXBuildFile; fileRef = 8449E16F211846A100DF4F21 /* OneDayViewController.m */; };
		8449E180211846A100DF4F21 /* CalendarViewController.m in Sources */ = {isa = PBXBuildFile; fileRef = 8449E170211846A100DF4F21 /* CalendarViewController.m */; };
		8449E181211846A100DF4F21 /* BaseViewController.m in Sources */ = {isa = PBXBuildFile; fileRef = 8449E173211846A100DF4F21 /* BaseViewController.m */; };
		8449E182211846A100DF4F21 /* BaseTabBarController.m in Sources */ = {isa = PBXBuildFile; fileRef = 8449E175211846A100DF4F21 /* BaseTabBarController.m */; };
		84D685B5211889AB003A9E90 /* tab_bar_oneday_selected.png in Resources */ = {isa = PBXBuildFile; fileRef = 84D685B2211889AA003A9E90 /* tab_bar_oneday_selected.png */; };
		84D685B6211889AB003A9E90 /* tab_bar_canlendar_selected.png in Resources */ = {isa = PBXBuildFile; fileRef = 84D685B3211889AB003A9E90 /* tab_bar_canlendar_selected.png */; };
		84D685B7211889AB003A9E90 /* tab_bar_me_selected.png in Resources */ = {isa = PBXBuildFile; fileRef = 84D685B4211889AB003A9E90 /* tab_bar_me_selected.png */; };
		84D685B921188A7B003A9E90 /* tab_bar_oneday_normal.png in Resources */ = {isa = PBXBuildFile; fileRef = 84D685B821188A7B003A9E90 /* tab_bar_oneday_normal.png */; };
		84D685BB21188A93003A9E90 /* tab_bar_me_normal.png in Resources */ = {isa = PBXBuildFile; fileRef = 84D685BA21188A93003A9E90 /* tab_bar_me_normal.png */; };
		84F82234210979C30006A913 /* Assets.xcassets in Resources */ = {isa = PBXBuildFile; fileRef = 84F82233210979C30006A913 /* Assets.xcassets */; };
		84F82237210979C30006A913 /* LaunchScreen.storyboard in Resources */ = {isa = PBXBuildFile; fileRef = 84F82235210979C30006A913 /* LaunchScreen.storyboard */; };
		84F8223A210979C30006A913 /* main.m in Sources */ = {isa = PBXBuildFile; fileRef = 84F82239210979C30006A913 /* main.m */; };
/* End PBXBuildFile section */

/* Begin PBXFileReference section */
		8449E165211846A100DF4F21 /* tab_bar_calendar_normal.png */ = {isa = PBXFileReference; lastKnownFileType = image.png; path = tab_bar_calendar_normal.png; sourceTree = "<group>"; };
		8449E167211846A100DF4F21 /* AppDelegate.h */ = {isa = PBXFileReference; fileEncoding = 4; lastKnownFileType = sourcecode.c.h; path = AppDelegate.h; sourceTree = "<group>"; };
		8449E168211846A100DF4F21 /* AppDelegate.m */ = {isa = PBXFileReference; fileEncoding = 4; lastKnownFileType = sourcecode.c.objc; path = AppDelegate.m; sourceTree = "<group>"; };
		8449E16B211846A100DF4F21 /* MeViewController.h */ = {isa = PBXFileReference; fileEncoding = 4; lastKnownFileType = sourcecode.c.h; path = MeViewController.h; sourceTree = "<group>"; };
		8449E16C211846A100DF4F21 /* OneDayViewController.h */ = {isa = PBXFileReference; fileEncoding = 4; lastKnownFileType = sourcecode.c.h; path = OneDayViewController.h; sourceTree = "<group>"; };
		8449E16D211846A100DF4F21 /* CalendarViewController.h */ = {isa = PBXFileReference; fileEncoding = 4; lastKnownFileType = sourcecode.c.h; path = CalendarViewController.h; sourceTree = "<group>"; };
		8449E16E211846A100DF4F21 /* MeViewController.m */ = {isa = PBXFileReference; fileEncoding = 4; lastKnownFileType = sourcecode.c.objc; path = MeViewController.m; sourceTree = "<group>"; };
		8449E16F211846A100DF4F21 /* OneDayViewController.m */ = {isa = PBXFileReference; fileEncoding = 4; lastKnownFileType = sourcecode.c.objc; path = OneDayViewController.m; sourceTree = "<group>"; };
		8449E170211846A100DF4F21 /* CalendarViewController.m */ = {isa = PBXFileReference; fileEncoding = 4; lastKnownFileType = sourcecode.c.objc; path = CalendarViewController.m; sourceTree = "<group>"; };
		8449E173211846A100DF4F21 /* BaseViewController.m */ = {isa = PBXFileReference; fileEncoding = 4; lastKnownFileType = sourcecode.c.objc; path = BaseViewController.m; sourceTree = "<group>"; };
		8449E174211846A100DF4F21 /* BaseTabBarController.h */ = {isa = PBXFileReference; fileEncoding = 4; lastKnownFileType = sourcecode.c.h; path = BaseTabBarController.h; sourceTree = "<group>"; };
		8449E175211846A100DF4F21 /* BaseTabBarController.m */ = {isa = PBXFileReference; fileEncoding = 4; lastKnownFileType = sourcecode.c.objc; path = BaseTabBarController.m; sourceTree = "<group>"; };
		8449E176211846A100DF4F21 /* BaseViewController.h */ = {isa = PBXFileReference; fileEncoding = 4; lastKnownFileType = sourcecode.c.h; path = BaseViewController.h; sourceTree = "<group>"; };
		84D685B2211889AA003A9E90 /* tab_bar_oneday_selected.png */ = {isa = PBXFileReference; lastKnownFileType = image.png; path = tab_bar_oneday_selected.png; sourceTree = "<group>"; };
		84D685B3211889AB003A9E90 /* tab_bar_canlendar_selected.png */ = {isa = PBXFileReference; lastKnownFileType = image.png; path = tab_bar_canlendar_selected.png; sourceTree = "<group>"; };
		84D685B4211889AB003A9E90 /* tab_bar_me_selected.png */ = {isa = PBXFileReference; lastKnownFileType = image.png; path = tab_bar_me_selected.png; sourceTree = "<group>"; };
		84D685B821188A7B003A9E90 /* tab_bar_oneday_normal.png */ = {isa = PBXFileReference; lastKnownFileType = image.png; path = tab_bar_oneday_normal.png; sourceTree = "<group>"; };
		84D685BA21188A93003A9E90 /* tab_bar_me_normal.png */ = {isa = PBXFileReference; lastKnownFileType = image.png; path = tab_bar_me_normal.png; sourceTree = "<group>"; };
		84F82227210979BB0006A913 /* OneDay.app */ = {isa = PBXFileReference; explicitFileType = wrapper.application; includeInIndex = 0; path = OneDay.app; sourceTree = BUILT_PRODUCTS_DIR; };
		84F82233210979C30006A913 /* Assets.xcassets */ = {isa = PBXFileReference; lastKnownFileType = folder.assetcatalog; path = Assets.xcassets; sourceTree = "<group>"; };
		84F82236210979C30006A913 /* Base */ = {isa = PBXFileReference; lastKnownFileType = file.storyboard; name = Base; path = Base.lproj/LaunchScreen.storyboard; sourceTree = "<group>"; };
		84F82238210979C30006A913 /* Info.plist */ = {isa = PBXFileReference; lastKnownFileType = text.plist.xml; path = Info.plist; sourceTree = "<group>"; };
		84F82239210979C30006A913 /* main.m */ = {isa = PBXFileReference; lastKnownFileType = sourcecode.c.objc; path = main.m; sourceTree = "<group>"; };
/* End PBXFileReference section */

/* Begin PBXFrameworksBuildPhase section */
		84F82224210979BB0006A913 /* Frameworks */ = {
			isa = PBXFrameworksBuildPhase;
			buildActionMask = 2147483647;
			files = (
			);
			runOnlyForDeploymentPostprocessing = 0;
		};
/* End PBXFrameworksBuildPhase section */

/* Begin PBXGroup section */
		8449E15D2118467F00DF4F21 /* All */ = {
			isa = PBXGroup;
			children = (
				8449E172211846A100DF4F21 /* Base */,
				8449E166211846A100DF4F21 /* Delegate */,
				8449E169211846A100DF4F21 /* Modules */,
				8449E15E211846A100DF4F21 /* Resource */,
			);
			path = All;
			sourceTree = "<group>";
		};
		8449E15E211846A100DF4F21 /* Resource */ = {
			isa = PBXGroup;
			children = (
				8449E15F211846A100DF4F21 /* tabbar */,
			);
			path = Resource;
			sourceTree = "<group>";
		};
		8449E15F211846A100DF4F21 /* tabbar */ = {
			isa = PBXGroup;
			children = (
				84D685B821188A7B003A9E90 /* tab_bar_oneday_normal.png */,
				84D685B2211889AA003A9E90 /* tab_bar_oneday_selected.png */,
				8449E165211846A100DF4F21 /* tab_bar_calendar_normal.png */,
				84D685B3211889AB003A9E90 /* tab_bar_canlendar_selected.png */,
				84D685BA21188A93003A9E90 /* tab_bar_me_normal.png */,
				84D685B4211889AB003A9E90 /* tab_bar_me_selected.png */,
			);
			path = tabbar;
			sourceTree = "<group>";
		};
		8449E166211846A100DF4F21 /* Delegate */ = {
			isa = PBXGroup;
			children = (
				8449E167211846A100DF4F21 /* AppDelegate.h */,
				8449E168211846A100DF4F21 /* AppDelegate.m */,
			);
			path = Delegate;
			sourceTree = "<group>";
		};
		8449E169211846A100DF4F21 /* Modules */ = {
			isa = PBXGroup;
			children = (
				8449E16A211846A100DF4F21 /* Controller */,
			);
			path = Modules;
			sourceTree = "<group>";
		};
		8449E16A211846A100DF4F21 /* Controller */ = {
			isa = PBXGroup;
			children = (
				8449E16D211846A100DF4F21 /* CalendarViewController.h */,
				8449E170211846A100DF4F21 /* CalendarViewController.m */,
				8449E16C211846A100DF4F21 /* OneDayViewController.h */,
				8449E16F211846A100DF4F21 /* OneDayViewController.m */,
				8449E16B211846A100DF4F21 /* MeViewController.h */,
				8449E16E211846A100DF4F21 /* MeViewController.m */,
			);
			path = Controller;
			sourceTree = "<group>";
		};
		8449E172211846A100DF4F21 /* Base */ = {
			isa = PBXGroup;
			children = (
				8449E176211846A100DF4F21 /* BaseViewController.h */,
				8449E173211846A100DF4F21 /* BaseViewController.m */,
				8449E174211846A100DF4F21 /* BaseTabBarController.h */,
				8449E175211846A100DF4F21 /* BaseTabBarController.m */,
			);
			path = Base;
			sourceTree = "<group>";
		};
		84F8221E210979BB0006A913 = {
			isa = PBXGroup;
			children = (
				84F82229210979BB0006A913 /* OneDay */,
				84F82228210979BB0006A913 /* Products */,
			);
			sourceTree = "<group>";
		};
		84F82228210979BB0006A913 /* Products */ = {
			isa = PBXGroup;
			children = (
				84F82227210979BB0006A913 /* OneDay.app */,
			);
			name = Products;
			sourceTree = "<group>";
		};
		84F82229210979BB0006A913 /* OneDay */ = {
			isa = PBXGroup;
			children = (
				8449E15D2118467F00DF4F21 /* All */,
				84F82233210979C30006A913 /* Assets.xcassets */,
				84F82235210979C30006A913 /* LaunchScreen.storyboard */,
				84F82238210979C30006A913 /* Info.plist */,
				84F82239210979C30006A913 /* main.m */,
			);
			path = OneDay;
			sourceTree = "<group>";
		};
/* End PBXGroup section */

/* Begin PBXNativeTarget section */
		84F82226210979BB0006A913 /* OneDay */ = {
			isa = PBXNativeTarget;
			buildConfigurationList = 84F8223D210979C30006A913 /* Build configuration list for PBXNativeTarget "OneDay" */;
			buildPhases = (
				84F82223210979BB0006A913 /* Sources */,
				84F82224210979BB0006A913 /* Frameworks */,
				84F82225210979BB0006A913 /* Resources */,
			);
			buildRules = (
			);
			dependencies = (
			);
			name = OneDay;
			productName = OneDay;
			productReference = 84F82227210979BB0006A913 /* OneDay.app */;
			productType = "com.apple.product-type.application";
		};
/* End PBXNativeTarget section */

/* Begin PBXProject section */
		84F8221F210979BB0006A913 /* Project object */ = {
			isa = PBXProject;
			attributes = {
				LastUpgradeCheck = 0940;
				ORGANIZATIONNAME = admin;
				TargetAttributes = {
					84F82226210979BB0006A913 = {
						CreatedOnToolsVersion = 9.4;
					};
				};
			};
			buildConfigurationList = 84F82222210979BB0006A913 /* Build configuration list for PBXProject "OneDay" */;
			compatibilityVersion = "Xcode 9.3";
			developmentRegion = en;
			hasScannedForEncodings = 0;
			knownRegions = (
				en,
				Base,
			);
			mainGroup = 84F8221E210979BB0006A913;
			productRefGroup = 84F82228210979BB0006A913 /* Products */;
			projectDirPath = "";
			projectRoot = "";
			targets = (
				84F82226210979BB0006A913 /* OneDay */,
			);
		};
/* End PBXProject section */

/* Begin PBXResourcesBuildPhase section */
		84F82225210979BB0006A913 /* Resources */ = {
			isa = PBXResourcesBuildPhase;
			buildActionMask = 2147483647;
			files = (
				84D685B6211889AB003A9E90 /* tab_bar_canlendar_selected.png in Resources */,
				8449E17C211846A100DF4F21 /* tab_bar_calendar_normal.png in Resources */,
				84F82237210979C30006A913 /* LaunchScreen.storyboard in Resources */,
				84F82234210979C30006A913 /* Assets.xcassets in Resources */,
				84D685BB21188A93003A9E90 /* tab_bar_me_normal.png in Resources */,
				84D685B5211889AB003A9E90 /* tab_bar_oneday_selected.png in Resources */,
				84D685B921188A7B003A9E90 /* tab_bar_oneday_normal.png in Resources */,
				84D685B7211889AB003A9E90 /* tab_bar_me_selected.png in Resources */,
			);
			runOnlyForDeploymentPostprocessing = 0;
		};
/* End PBXResourcesBuildPhase section */

/* Begin PBXSourcesBuildPhase section */
		84F82223210979BB0006A913 /* Sources */ = {
			isa = PBXSourcesBuildPhase;
			buildActionMask = 2147483647;
			files = (
				8449E17D211846A100DF4F21 /* AppDelegate.m in Sources */,
				8449E181211846A100DF4F21 /* BaseViewController.m in Sources */,
				84F8223A210979C30006A913 /* main.m in Sources */,
				8449E182211846A100DF4F21 /* BaseTabBarController.m in Sources */,
				8449E17F211846A100DF4F21 /* OneDayViewController.m in Sources */,
				8449E17E211846A100DF4F21 /* MeViewController.m in Sources */,
				8449E180211846A100DF4F21 /* CalendarViewController.m in Sources */,
			);
			runOnlyForDeploymentPostprocessing = 0;
		};
/* End PBXSourcesBuildPhase section */

/* Begin PBXVariantGroup section */
		84F82235210979C30006A913 /* LaunchScreen.storyboard */ = {
			isa = PBXVariantGroup;
			children = (
				84F82236210979C30006A913 /* Base */,
			);
			name = LaunchScreen.storyboard;
			sourceTree = "<group>";
		};
/* End PBXVariantGroup section */

/* Begin XCBuildConfiguration section */
		84F8223B210979C30006A913 /* Debug */ = {
			isa = XCBuildConfiguration;
			buildSettings = {
				ALWAYS_SEARCH_USER_PATHS = NO;
				CLANG_ANALYZER_NONNULL = YES;
				CLANG_ANALYZER_NUMBER_OBJECT_CONVERSION = YES_AGGRESSIVE;
				CLANG_CXX_LANGUAGE_STANDARD = "gnu++14";
				CLANG_CXX_LIBRARY = "libc++";
				CLANG_ENABLE_MODULES = YES;
				CLANG_ENABLE_OBJC_ARC = YES;
				CLANG_ENABLE_OBJC_WEAK = YES;
				CLANG_WARN_BLOCK_CAPTURE_AUTORELEASING = YES;
				CLANG_WARN_BOOL_CONVERSION = YES;
				CLANG_WARN_COMMA = YES;
				CLANG_WARN_CONSTANT_CONVERSION = YES;
				CLANG_WARN_DEPRECATED_OBJC_IMPLEMENTATIONS = YES;
				CLANG_WARN_DIRECT_OBJC_ISA_USAGE = YES_ERROR;
				CLANG_WARN_DOCUMENTATION_COMMENTS = YES;
				CLANG_WARN_EMPTY_BODY = YES;
				CLANG_WARN_ENUM_CONVERSION = YES;
				CLANG_WARN_INFINITE_RECURSION = YES;
				CLANG_WARN_INT_CONVERSION = YES;
				CLANG_WARN_NON_LITERAL_NULL_CONVERSION = YES;
				CLANG_WARN_OBJC_IMPLICIT_RETAIN_SELF = YES;
				CLANG_WARN_OBJC_LITERAL_CONVERSION = YES;
				CLANG_WARN_OBJC_ROOT_CLASS = YES_ERROR;
				CLANG_WARN_RANGE_LOOP_ANALYSIS = YES;
				CLANG_WARN_STRICT_PROTOTYPES = YES;
				CLANG_WARN_SUSPICIOUS_MOVE = YES;
				CLANG_WARN_UNGUARDED_AVAILABILITY = YES_AGGRESSIVE;
				CLANG_WARN_UNREACHABLE_CODE = YES;
				CLANG_WARN__DUPLICATE_METHOD_MATCH = YES;
				CODE_SIGN_IDENTITY = "iPhone Developer";
				COPY_PHASE_STRIP = NO;
				DEBUG_INFORMATION_FORMAT = dwarf;
				ENABLE_STRICT_OBJC_MSGSEND = YES;
				ENABLE_TESTABILITY = YES;
				GCC_C_LANGUAGE_STANDARD = gnu11;
				GCC_DYNAMIC_NO_PIC = NO;
				GCC_NO_COMMON_BLOCKS = YES;
				GCC_OPTIMIZATION_LEVEL = 0;
				GCC_PREPROCESSOR_DEFINITIONS = (
					"DEBUG=1",
					"$(inherited)",
				);
				GCC_WARN_64_TO_32_BIT_CONVERSION = YES;
				GCC_WARN_ABOUT_RETURN_TYPE = YES_ERROR;
				GCC_WARN_UNDECLARED_SELECTOR = YES;
				GCC_WARN_UNINITIALIZED_AUTOS = YES_AGGRESSIVE;
				GCC_WARN_UNUSED_FUNCTION = YES;
				GCC_WARN_UNUSED_VARIABLE = YES;
				IPHONEOS_DEPLOYMENT_TARGET = 11.4;
				MTL_ENABLE_DEBUG_INFO = YES;
				ONLY_ACTIVE_ARCH = YES;
				SDKROOT = iphoneos;
			};
			name = Debug;
		};
		84F8223C210979C30006A913 /* Release */ = {
			isa = XCBuildConfiguration;
			buildSettings = {
				ALWAYS_SEARCH_USER_PATHS = NO;
				CLANG_ANALYZER_NONNULL = YES;
				CLANG_ANALYZER_NUMBER_OBJECT_CONVERSION = YES_AGGRESSIVE;
				CLANG_CXX_LANGUAGE_STANDARD = "gnu++14";
				CLANG_CXX_LIBRARY = "libc++";
				CLANG_ENABLE_MODULES = YES;
				CLANG_ENABLE_OBJC_ARC = YES;
				CLANG_ENABLE_OBJC_WEAK = YES;
				CLANG_WARN_BLOCK_CAPTURE_AUTORELEASING = YES;
				CLANG_WARN_BOOL_CONVERSION = YES;
				CLANG_WARN_COMMA = YES;
				CLANG_WARN_CONSTANT_CONVERSION = YES;
				CLANG_WARN_DEPRECATED_OBJC_IMPLEMENTATIONS = YES;
				CLANG_WARN_DIRECT_OBJC_ISA_USAGE = YES_ERROR;
				CLANG_WARN_DOCUMENTATION_COMMENTS = YES;
				CLANG_WARN_EMPTY_BODY = YES;
				CLANG_WARN_ENUM_CONVERSION = YES;
				CLANG_WARN_INFINITE_RECURSION = YES;
				CLANG_WARN_INT_CONVERSION = YES;
				CLANG_WARN_NON_LITERAL_NULL_CONVERSION = YES;
				CLANG_WARN_OBJC_IMPLICIT_RETAIN_SELF = YES;
				CLANG_WARN_OBJC_LITERAL_CONVERSION = YES;
				CLANG_WARN_OBJC_ROOT_CLASS = YES_ERROR;
				CLANG_WARN_RANGE_LOOP_ANALYSIS = YES;
				CLANG_WARN_STRICT_PROTOTYPES = YES;
				CLANG_WARN_SUSPICIOUS_MOVE = YES;
				CLANG_WARN_UNGUARDED_AVAILABILITY = YES_AGGRESSIVE;
				CLANG_WARN_UNREACHABLE_CODE = YES;
				CLANG_WARN__DUPLICATE_METHOD_MATCH = YES;
				CODE_SIGN_IDENTITY = "iPhone Developer";
				COPY_PHASE_STRIP = NO;
				DEBUG_INFORMATION_FORMAT = "dwarf-with-dsym";
				ENABLE_NS_ASSERTIONS = NO;
				ENABLE_STRICT_OBJC_MSGSEND = YES;
				GCC_C_LANGUAGE_STANDARD = gnu11;
				GCC_NO_COMMON_BLOCKS = YES;
				GCC_WARN_64_TO_32_BIT_CONVERSION = YES;
				GCC_WARN_ABOUT_RETURN_TYPE = YES_ERROR;
				GCC_WARN_UNDECLARED_SELECTOR = YES;
				GCC_WARN_UNINITIALIZED_AUTOS = YES_AGGRESSIVE;
				GCC_WARN_UNUSED_FUNCTION = YES;
				GCC_WARN_UNUSED_VARIABLE = YES;
				IPHONEOS_DEPLOYMENT_TARGET = 11.4;
				MTL_ENABLE_DEBUG_INFO = NO;
				SDKROOT = iphoneos;
				VALIDATE_PRODUCT = YES;
			};
			name = Release;
		};
		84F8223E210979C30006A913 /* Debug */ = {
			isa = XCBuildConfiguration;
			buildSettings = {
				ASSETCATALOG_COMPILER_APPICON_NAME = AppIcon;
				CODE_SIGN_STYLE = Automatic;
				INFOPLIST_FILE = OneDay/Info.plist;
				LD_RUNPATH_SEARCH_PATHS = (
					"$(inherited)",
					"@executable_path/Frameworks",
				);
				PRODUCT_BUNDLE_IDENTIFIER = nil.OneDay;
				PRODUCT_NAME = "$(TARGET_NAME)";
				TARGETED_DEVICE_FAMILY = "1,2";
			};
			name = Debug;
		};
		84F8223F210979C30006A913 /* Release */ = {
			isa = XCBuildConfiguration;
			buildSettings = {
				ASSETCATALOG_COMPILER_APPICON_NAME = AppIcon;
				CODE_SIGN_STYLE = Automatic;
				INFOPLIST_FILE = OneDay/Info.plist;
				LD_RUNPATH_SEARCH_PATHS = (
					"$(inherited)",
					"@executable_path/Frameworks",
				);
				PRODUCT_BUNDLE_IDENTIFIER = nil.OneDay;
				PRODUCT_NAME = "$(TARGET_NAME)";
				TARGETED_DEVICE_FAMILY = "1,2";
			};
			name = Release;
		};
/* End XCBuildConfiguration section */

/* Begin XCConfigurationList section */
		84F82222210979BB0006A913 /* Build configuration list for PBXProject "OneDay" */ = {
			isa = XCConfigurationList;
			buildConfigurations = (
				84F8223B210979C30006A913 /* Debug */,
				84F8223C210979C30006A913 /* Release */,
			);
			defaultConfigurationIsVisible = 0;
			defaultConfigurationName = Release;
		};
		84F8223D210979C30006A913 /* Build configuration list for PBXNativeTarget "OneDay" */ = {
			isa = XCConfigurationList;
			buildConfigurations = (
				84F8223E210979C30006A913 /* Debug */,
				84F8223F210979C30006A913 /* Release */,
			);
			defaultConfigurationIsVisible = 0;
			defaultConfigurationName = Release;
		};
/* End XCConfigurationList section */
	};
	rootObject = 84F8221F210979BB0006A913 /* Project object */;
}
