// !$*UTF8*$!
{
	archiveVersion = 1;
	classes = {
	};
	objectVersion = 50;
	objects = {

/* Begin PBXBuildFile section */
		8401789121A4FD6200BBF45F /* UserAvatarViewController.m in Sources */ = {isa = PBXBuildFile; fileRef = 8401789021A4FD6200BBF45F /* UserAvatarViewController.m */; };
		8401789421A4FD8000BBF45F /* UserNicknameViewController.m in Sources */ = {isa = PBXBuildFile; fileRef = 8401789321A4FD8000BBF45F /* UserNicknameViewController.m */; };
		8401789721A4FD8D00BBF45F /* UserQRCodeViewController.m in Sources */ = {isa = PBXBuildFile; fileRef = 8401789621A4FD8D00BBF45F /* UserQRCodeViewController.m */; };
		8401789A21A4FDAB00BBF45F /* UserSignatureViewController.m in Sources */ = {isa = PBXBuildFile; fileRef = 8401789921A4FDAB00BBF45F /* UserSignatureViewController.m */; };
		8401789E21A5327600BBF45F /* UIBarButtonItem+SCBarButtonItem.m in Sources */ = {isa = PBXBuildFile; fileRef = 8401789D21A5327600BBF45F /* UIBarButtonItem+SCBarButtonItem.m */; };
		84253C4C22DDA30D007D2ACE /* DayCell.m in Sources */ = {isa = PBXBuildFile; fileRef = 84253C4B22DDA30D007D2ACE /* DayCell.m */; };
		84253C5022DDA334007D2ACE /* DayModel.m in Sources */ = {isa = PBXBuildFile; fileRef = 84253C4F22DDA334007D2ACE /* DayModel.m */; };
		84253C5822DDAC1F007D2ACE /* bp2@3x.png in Resources */ = {isa = PBXBuildFile; fileRef = 84253C5222DDAC1F007D2ACE /* bp2@3x.png */; };
		84253C5922DDAC1F007D2ACE /* bp3@2x.png in Resources */ = {isa = PBXBuildFile; fileRef = 84253C5322DDAC1F007D2ACE /* bp3@2x.png */; };
		84253C5A22DDAC1F007D2ACE /* bp2@2x.png in Resources */ = {isa = PBXBuildFile; fileRef = 84253C5422DDAC1F007D2ACE /* bp2@2x.png */; };
		84253C5B22DDAC1F007D2ACE /* bp1@2x.png in Resources */ = {isa = PBXBuildFile; fileRef = 84253C5522DDAC1F007D2ACE /* bp1@2x.png */; };
		84253C5C22DDAC1F007D2ACE /* bp3@3x.png in Resources */ = {isa = PBXBuildFile; fileRef = 84253C5622DDAC1F007D2ACE /* bp3@3x.png */; };
		84253C5D22DDAC1F007D2ACE /* bp1@3x.png in Resources */ = {isa = PBXBuildFile; fileRef = 84253C5722DDAC1F007D2ACE /* bp1@3x.png */; };
		8449E17D211846A100DF4F21 /* AppDelegate.m in Sources */ = {isa = PBXBuildFile; fileRef = 8449E168211846A100DF4F21 /* AppDelegate.m */; };
		8449E17E211846A100DF4F21 /* MeViewController.m in Sources */ = {isa = PBXBuildFile; fileRef = 8449E16E211846A100DF4F21 /* MeViewController.m */; };
		8449E17F211846A100DF4F21 /* DayViewController.m in Sources */ = {isa = PBXBuildFile; fileRef = 8449E16F211846A100DF4F21 /* DayViewController.m */; };
		8449E181211846A100DF4F21 /* BaseViewController.m in Sources */ = {isa = PBXBuildFile; fileRef = 8449E173211846A100DF4F21 /* BaseViewController.m */; };
		8449E182211846A100DF4F21 /* BaseTabBarController.m in Sources */ = {isa = PBXBuildFile; fileRef = 8449E175211846A100DF4F21 /* BaseTabBarController.m */; };
		845AB11A2119D2FA002DE3FE /* NightViewController.m in Sources */ = {isa = PBXBuildFile; fileRef = 845AB1192119D2FA002DE3FE /* NightViewController.m */; };
		845AB11D2119D43C002DE3FE /* BaseCollectionViewController.m in Sources */ = {isa = PBXBuildFile; fileRef = 845AB11C2119D43C002DE3FE /* BaseCollectionViewController.m */; };
		845AB1202119D6FF002DE3FE /* NightCell.m in Sources */ = {isa = PBXBuildFile; fileRef = 845AB11F2119D6FF002DE3FE /* NightCell.m */; };
		84747E37211BE13200389965 /* Util.m in Sources */ = {isa = PBXBuildFile; fileRef = 84747E36211BE13200389965 /* Util.m */; };
		84747E3A211BEF4800389965 /* SleepViewController.m in Sources */ = {isa = PBXBuildFile; fileRef = 84747E39211BEF4800389965 /* SleepViewController.m */; };
		84747E3D211BEF6E00389965 /* DietViewController.m in Sources */ = {isa = PBXBuildFile; fileRef = 84747E3C211BEF6E00389965 /* DietViewController.m */; };
		84747E40211BEF7D00389965 /* BookViewController.m in Sources */ = {isa = PBXBuildFile; fileRef = 84747E3F211BEF7D00389965 /* BookViewController.m */; };
		84747E43211BEFA700389965 /* VideoViewController.m in Sources */ = {isa = PBXBuildFile; fileRef = 84747E42211BEFA700389965 /* VideoViewController.m */; };
		84747E46211C309100389965 /* UserInfoViewController.m in Sources */ = {isa = PBXBuildFile; fileRef = 84747E45211C309100389965 /* UserInfoViewController.m */; };
		84747E49211C30C500389965 /* SettingViewController.m in Sources */ = {isa = PBXBuildFile; fileRef = 84747E48211C30C500389965 /* SettingViewController.m */; };
		84747E4C211C310B00389965 /* StatisticsViewController.m in Sources */ = {isa = PBXBuildFile; fileRef = 84747E4B211C310B00389965 /* StatisticsViewController.m */; };
		84747E4F211C34F100389965 /* AccountViewController.m in Sources */ = {isa = PBXBuildFile; fileRef = 84747E4E211C34F100389965 /* AccountViewController.m */; };
		8493BC1122AF596E0065C05B /* BasePopupViewController.m in Sources */ = {isa = PBXBuildFile; fileRef = 8493BC1022AF596E0065C05B /* BasePopupViewController.m */; };
		8493BC1422AF5B680065C05B /* CommonAlertViewController.m in Sources */ = {isa = PBXBuildFile; fileRef = 8493BC1322AF5B680065C05B /* CommonAlertViewController.m */; };
		84C532C821E32B7100E9B909 /* nav_back@2x.png in Resources */ = {isa = PBXBuildFile; fileRef = 84C532C621E32B7100E9B909 /* nav_back@2x.png */; };
		84C532C921E32B7100E9B909 /* nav_back@3x.png in Resources */ = {isa = PBXBuildFile; fileRef = 84C532C721E32B7100E9B909 /* nav_back@3x.png */; };
		84C532D621E3307000E9B909 /* tab_bar_me_normal@2x.png in Resources */ = {isa = PBXBuildFile; fileRef = 84C532D221E3307000E9B909 /* tab_bar_me_normal@2x.png */; };
		84C532D721E3307000E9B909 /* tab_bar_me_normal@3x.png in Resources */ = {isa = PBXBuildFile; fileRef = 84C532D321E3307000E9B909 /* tab_bar_me_normal@3x.png */; };
		84C532D821E3307000E9B909 /* tab_bar_me_selected@2x.png in Resources */ = {isa = PBXBuildFile; fileRef = 84C532D421E3307000E9B909 /* tab_bar_me_selected@2x.png */; };
		84C532D921E3307000E9B909 /* tab_bar_me_selected@3x.png in Resources */ = {isa = PBXBuildFile; fileRef = 84C532D521E3307000E9B909 /* tab_bar_me_selected@3x.png */; };
		84C532DE21E3335C00E9B909 /* tab_bar_day_normal@3x.png in Resources */ = {isa = PBXBuildFile; fileRef = 84C532DA21E3335C00E9B909 /* tab_bar_day_normal@3x.png */; };
		84C532DF21E3335C00E9B909 /* tab_bar_day_selected@2x.png in Resources */ = {isa = PBXBuildFile; fileRef = 84C532DB21E3335C00E9B909 /* tab_bar_day_selected@2x.png */; };
		84C532E021E3335C00E9B909 /* tab_bar_day_normal@2x.png in Resources */ = {isa = PBXBuildFile; fileRef = 84C532DC21E3335C00E9B909 /* tab_bar_day_normal@2x.png */; };
		84C532E121E3335C00E9B909 /* tab_bar_day_selected@3x.png in Resources */ = {isa = PBXBuildFile; fileRef = 84C532DD21E3335C00E9B909 /* tab_bar_day_selected@3x.png */; };
		84C532E621E3336300E9B909 /* tab_bar_night_selected@3x.png in Resources */ = {isa = PBXBuildFile; fileRef = 84C532E221E3336200E9B909 /* tab_bar_night_selected@3x.png */; };
		84C532E721E3336300E9B909 /* tab_bar_night_normal@2x.png in Resources */ = {isa = PBXBuildFile; fileRef = 84C532E321E3336200E9B909 /* tab_bar_night_normal@2x.png */; };
		84C532E821E3336300E9B909 /* tab_bar_night_normal@3x.png in Resources */ = {isa = PBXBuildFile; fileRef = 84C532E421E3336200E9B909 /* tab_bar_night_normal@3x.png */; };
		84C532E921E3336300E9B909 /* tab_bar_night_selected@2x.png in Resources */ = {isa = PBXBuildFile; fileRef = 84C532E521E3336200E9B909 /* tab_bar_night_selected@2x.png */; };
		84C532F021E338BB00E9B909 /* me_account@2x.png in Resources */ = {isa = PBXBuildFile; fileRef = 84C532EA21E338BB00E9B909 /* me_account@2x.png */; };
		84C532F121E338BB00E9B909 /* me_setting@2x.png in Resources */ = {isa = PBXBuildFile; fileRef = 84C532EB21E338BB00E9B909 /* me_setting@2x.png */; };
		84C532F221E338BB00E9B909 /* me_setting@3x.png in Resources */ = {isa = PBXBuildFile; fileRef = 84C532EC21E338BB00E9B909 /* me_setting@3x.png */; };
		84C532F321E338BB00E9B909 /* me_account@3x..png in Resources */ = {isa = PBXBuildFile; fileRef = 84C532ED21E338BB00E9B909 /* me_account@3x..png */; };
		84C532F721E3395300E9B909 /* avatar.png in Resources */ = {isa = PBXBuildFile; fileRef = 84C532F621E3395200E9B909 /* avatar.png */; };
		84C5330A21E33D6700E9B909 /* me_statistical@2x.png in Resources */ = {isa = PBXBuildFile; fileRef = 84C5330821E33D6700E9B909 /* me_statistical@2x.png */; };
		84C5330B21E33D6700E9B909 /* me_statistical@3x.png in Resources */ = {isa = PBXBuildFile; fileRef = 84C5330921E33D6700E9B909 /* me_statistical@3x.png */; };
		84C5330F21E33E3500E9B909 /* MeCell.m in Sources */ = {isa = PBXBuildFile; fileRef = 84C5330E21E33E3500E9B909 /* MeCell.m */; };
		84C5331621E348B400E9B909 /* login_qq@3x.png in Resources */ = {isa = PBXBuildFile; fileRef = 84C5331021E348B300E9B909 /* login_qq@3x.png */; };
		84C5331721E348B400E9B909 /* login_wechat@3x.png in Resources */ = {isa = PBXBuildFile; fileRef = 84C5331121E348B300E9B909 /* login_wechat@3x.png */; };
		84C5331821E348B400E9B909 /* login_sina@3x.png in Resources */ = {isa = PBXBuildFile; fileRef = 84C5331221E348B300E9B909 /* login_sina@3x.png */; };
		84C5331921E348B400E9B909 /* login_sina@2x.png in Resources */ = {isa = PBXBuildFile; fileRef = 84C5331321E348B300E9B909 /* login_sina@2x.png */; };
		84C5331A21E348B400E9B909 /* login_qq@2x.png in Resources */ = {isa = PBXBuildFile; fileRef = 84C5331421E348B300E9B909 /* login_qq@2x.png */; };
		84C5331B21E348B400E9B909 /* login_wechat@2x.png in Resources */ = {isa = PBXBuildFile; fileRef = 84C5331521E348B400E9B909 /* login_wechat@2x.png */; };
		84C5331E21E3515000E9B909 /* BaseNavigationController.m in Sources */ = {isa = PBXBuildFile; fileRef = 84C5331D21E3515000E9B909 /* BaseNavigationController.m */; };
		84C64C4821DDB18700B69D56 /* BirthdayViewController.m in Sources */ = {isa = PBXBuildFile; fileRef = 84C64C4721DDB18700B69D56 /* BirthdayViewController.m */; };
		84D2A379219BFC4500932FDE /* LoginViewController.m in Sources */ = {isa = PBXBuildFile; fileRef = 84D2A377219BFC4500932FDE /* LoginViewController.m */; };
		84D2A37A219BFC4500932FDE /* LoginViewController.xib in Resources */ = {isa = PBXBuildFile; fileRef = 84D2A378219BFC4500932FDE /* LoginViewController.xib */; };
		84DB9D8921E4418600D14589 /* MBProgressHUD+SCProgressHUD.m in Sources */ = {isa = PBXBuildFile; fileRef = 84DB9D8821E4418600D14589 /* MBProgressHUD+SCProgressHUD.m */; };
		84F36E7A2119856700C571C2 /* BaseTableViewController.m in Sources */ = {isa = PBXBuildFile; fileRef = 84F36E792119856700C571C2 /* BaseTableViewController.m */; };
		84F6473A21AF887E003CE863 /* qr_code@2x.png in Resources */ = {isa = PBXBuildFile; fileRef = 84F6473821AF887E003CE863 /* qr_code@2x.png */; };
		84F6473B21AF887E003CE863 /* qr_code@3x.png in Resources */ = {isa = PBXBuildFile; fileRef = 84F6473921AF887E003CE863 /* qr_code@3x.png */; };
		84F6473E21AF8A71003CE863 /* nav_more@3x.png in Resources */ = {isa = PBXBuildFile; fileRef = 84F6473C21AF8A71003CE863 /* nav_more@3x.png */; };
		84F6473F21AF8A71003CE863 /* nav_more@2x.png in Resources */ = {isa = PBXBuildFile; fileRef = 84F6473D21AF8A71003CE863 /* nav_more@2x.png */; };
		84F82234210979C30006A913 /* Assets.xcassets in Resources */ = {isa = PBXBuildFile; fileRef = 84F82233210979C30006A913 /* Assets.xcassets */; };
		84F82237210979C30006A913 /* LaunchScreen.storyboard in Resources */ = {isa = PBXBuildFile; fileRef = 84F82235210979C30006A913 /* LaunchScreen.storyboard */; };
		84F8223A210979C30006A913 /* main.m in Sources */ = {isa = PBXBuildFile; fileRef = 84F82239210979C30006A913 /* main.m */; };
		A33AB185E242E0BF17DEF81A /* libPods-OneDay.a in Frameworks */ = {isa = PBXBuildFile; fileRef = 41724F5F221B7D44F0E33FA4 /* libPods-OneDay.a */; };
/* End PBXBuildFile section */

/* Begin PBXFileReference section */
		3381E7E8FF389BAAA29D9148 /* Pods-OneDay.release.xcconfig */ = {isa = PBXFileReference; includeInIndex = 1; lastKnownFileType = text.xcconfig; name = "Pods-OneDay.release.xcconfig"; path = "Pods/Target Support Files/Pods-OneDay/Pods-OneDay.release.xcconfig"; sourceTree = "<group>"; };
		41724F5F221B7D44F0E33FA4 /* libPods-OneDay.a */ = {isa = PBXFileReference; explicitFileType = archive.ar; includeInIndex = 0; path = "libPods-OneDay.a"; sourceTree = BUILT_PRODUCTS_DIR; };
		6A77CFD7D77D502523D69500 /* Pods-OneDay.debug.xcconfig */ = {isa = PBXFileReference; includeInIndex = 1; lastKnownFileType = text.xcconfig; name = "Pods-OneDay.debug.xcconfig"; path = "Pods/Target Support Files/Pods-OneDay/Pods-OneDay.debug.xcconfig"; sourceTree = "<group>"; };
		8401788F21A4FD6200BBF45F /* UserAvatarViewController.h */ = {isa = PBXFileReference; lastKnownFileType = sourcecode.c.h; path = UserAvatarViewController.h; sourceTree = "<group>"; };
		8401789021A4FD6200BBF45F /* UserAvatarViewController.m */ = {isa = PBXFileReference; lastKnownFileType = sourcecode.c.objc; path = UserAvatarViewController.m; sourceTree = "<group>"; };
		8401789221A4FD8000BBF45F /* UserNicknameViewController.h */ = {isa = PBXFileReference; lastKnownFileType = sourcecode.c.h; path = UserNicknameViewController.h; sourceTree = "<group>"; };
		8401789321A4FD8000BBF45F /* UserNicknameViewController.m */ = {isa = PBXFileReference; lastKnownFileType = sourcecode.c.objc; path = UserNicknameViewController.m; sourceTree = "<group>"; };
		8401789521A4FD8D00BBF45F /* UserQRCodeViewController.h */ = {isa = PBXFileReference; lastKnownFileType = sourcecode.c.h; path = UserQRCodeViewController.h; sourceTree = "<group>"; };
		8401789621A4FD8D00BBF45F /* UserQRCodeViewController.m */ = {isa = PBXFileReference; lastKnownFileType = sourcecode.c.objc; path = UserQRCodeViewController.m; sourceTree = "<group>"; };
		8401789821A4FDAB00BBF45F /* UserSignatureViewController.h */ = {isa = PBXFileReference; lastKnownFileType = sourcecode.c.h; path = UserSignatureViewController.h; sourceTree = "<group>"; };
		8401789921A4FDAB00BBF45F /* UserSignatureViewController.m */ = {isa = PBXFileReference; lastKnownFileType = sourcecode.c.objc; path = UserSignatureViewController.m; sourceTree = "<group>"; };
		8401789C21A5327600BBF45F /* UIBarButtonItem+SCBarButtonItem.h */ = {isa = PBXFileReference; lastKnownFileType = sourcecode.c.h; path = "UIBarButtonItem+SCBarButtonItem.h"; sourceTree = "<group>"; };
		8401789D21A5327600BBF45F /* UIBarButtonItem+SCBarButtonItem.m */ = {isa = PBXFileReference; lastKnownFileType = sourcecode.c.objc; path = "UIBarButtonItem+SCBarButtonItem.m"; sourceTree = "<group>"; };
		84253C4A22DDA30D007D2ACE /* DayCell.h */ = {isa = PBXFileReference; lastKnownFileType = sourcecode.c.h; path = DayCell.h; sourceTree = "<group>"; };
		84253C4B22DDA30D007D2ACE /* DayCell.m */ = {isa = PBXFileReference; lastKnownFileType = sourcecode.c.objc; path = DayCell.m; sourceTree = "<group>"; };
		84253C4E22DDA334007D2ACE /* DayModel.h */ = {isa = PBXFileReference; lastKnownFileType = sourcecode.c.h; path = DayModel.h; sourceTree = "<group>"; };
		84253C4F22DDA334007D2ACE /* DayModel.m */ = {isa = PBXFileReference; lastKnownFileType = sourcecode.c.objc; path = DayModel.m; sourceTree = "<group>"; };
		84253C5222DDAC1F007D2ACE /* bp2@3x.png */ = {isa = PBXFileReference; lastKnownFileType = image.png; path = "bp2@3x.png"; sourceTree = "<group>"; };
		84253C5322DDAC1F007D2ACE /* bp3@2x.png */ = {isa = PBXFileReference; lastKnownFileType = image.png; path = "bp3@2x.png"; sourceTree = "<group>"; };
		84253C5422DDAC1F007D2ACE /* bp2@2x.png */ = {isa = PBXFileReference; lastKnownFileType = image.png; path = "bp2@2x.png"; sourceTree = "<group>"; };
		84253C5522DDAC1F007D2ACE /* bp1@2x.png */ = {isa = PBXFileReference; lastKnownFileType = image.png; path = "bp1@2x.png"; sourceTree = "<group>"; };
		84253C5622DDAC1F007D2ACE /* bp3@3x.png */ = {isa = PBXFileReference; lastKnownFileType = image.png; path = "bp3@3x.png"; sourceTree = "<group>"; };
		84253C5722DDAC1F007D2ACE /* bp1@3x.png */ = {isa = PBXFileReference; lastKnownFileType = image.png; path = "bp1@3x.png"; sourceTree = "<group>"; };
		8449E167211846A100DF4F21 /* AppDelegate.h */ = {isa = PBXFileReference; fileEncoding = 4; lastKnownFileType = sourcecode.c.h; path = AppDelegate.h; sourceTree = "<group>"; };
		8449E168211846A100DF4F21 /* AppDelegate.m */ = {isa = PBXFileReference; fileEncoding = 4; lastKnownFileType = sourcecode.c.objc; path = AppDelegate.m; sourceTree = "<group>"; };
		8449E16B211846A100DF4F21 /* MeViewController.h */ = {isa = PBXFileReference; fileEncoding = 4; lastKnownFileType = sourcecode.c.h; path = MeViewController.h; sourceTree = "<group>"; };
		8449E16C211846A100DF4F21 /* DayViewController.h */ = {isa = PBXFileReference; fileEncoding = 4; lastKnownFileType = sourcecode.c.h; path = DayViewController.h; sourceTree = "<group>"; };
		8449E16E211846A100DF4F21 /* MeViewController.m */ = {isa = PBXFileReference; fileEncoding = 4; lastKnownFileType = sourcecode.c.objc; path = MeViewController.m; sourceTree = "<group>"; };
		8449E16F211846A100DF4F21 /* DayViewController.m */ = {isa = PBXFileReference; fileEncoding = 4; lastKnownFileType = sourcecode.c.objc; path = DayViewController.m; sourceTree = "<group>"; };
		8449E173211846A100DF4F21 /* BaseViewController.m */ = {isa = PBXFileReference; fileEncoding = 4; lastKnownFileType = sourcecode.c.objc; path = BaseViewController.m; sourceTree = "<group>"; };
		8449E174211846A100DF4F21 /* BaseTabBarController.h */ = {isa = PBXFileReference; fileEncoding = 4; lastKnownFileType = sourcecode.c.h; path = BaseTabBarController.h; sourceTree = "<group>"; };
		8449E175211846A100DF4F21 /* BaseTabBarController.m */ = {isa = PBXFileReference; fileEncoding = 4; lastKnownFileType = sourcecode.c.objc; path = BaseTabBarController.m; sourceTree = "<group>"; };
		8449E176211846A100DF4F21 /* BaseViewController.h */ = {isa = PBXFileReference; fileEncoding = 4; lastKnownFileType = sourcecode.c.h; path = BaseViewController.h; sourceTree = "<group>"; };
		845AB1172119B86E002DE3FE /* Prefix.pch */ = {isa = PBXFileReference; lastKnownFileType = sourcecode.c.h; path = Prefix.pch; sourceTree = "<group>"; };
		845AB1182119D2FA002DE3FE /* NightViewController.h */ = {isa = PBXFileReference; lastKnownFileType = sourcecode.c.h; path = NightViewController.h; sourceTree = "<group>"; };
		845AB1192119D2FA002DE3FE /* NightViewController.m */ = {isa = PBXFileReference; lastKnownFileType = sourcecode.c.objc; path = NightViewController.m; sourceTree = "<group>"; };
		845AB11B2119D43C002DE3FE /* BaseCollectionViewController.h */ = {isa = PBXFileReference; lastKnownFileType = sourcecode.c.h; path = BaseCollectionViewController.h; sourceTree = "<group>"; };
		845AB11C2119D43C002DE3FE /* BaseCollectionViewController.m */ = {isa = PBXFileReference; lastKnownFileType = sourcecode.c.objc; path = BaseCollectionViewController.m; sourceTree = "<group>"; };
		845AB11E2119D6FF002DE3FE /* NightCell.h */ = {isa = PBXFileReference; lastKnownFileType = sourcecode.c.h; path = NightCell.h; sourceTree = "<group>"; };
		845AB11F2119D6FF002DE3FE /* NightCell.m */ = {isa = PBXFileReference; lastKnownFileType = sourcecode.c.objc; path = NightCell.m; sourceTree = "<group>"; };
		84747E35211BE13200389965 /* Util.h */ = {isa = PBXFileReference; lastKnownFileType = sourcecode.c.h; path = Util.h; sourceTree = "<group>"; };
		84747E36211BE13200389965 /* Util.m */ = {isa = PBXFileReference; lastKnownFileType = sourcecode.c.objc; path = Util.m; sourceTree = "<group>"; };
		84747E38211BEF4800389965 /* SleepViewController.h */ = {isa = PBXFileReference; lastKnownFileType = sourcecode.c.h; path = SleepViewController.h; sourceTree = "<group>"; };
		84747E39211BEF4800389965 /* SleepViewController.m */ = {isa = PBXFileReference; lastKnownFileType = sourcecode.c.objc; path = SleepViewController.m; sourceTree = "<group>"; };
		84747E3B211BEF6E00389965 /* DietViewController.h */ = {isa = PBXFileReference; lastKnownFileType = sourcecode.c.h; path = DietViewController.h; sourceTree = "<group>"; };
		84747E3C211BEF6E00389965 /* DietViewController.m */ = {isa = PBXFileReference; lastKnownFileType = sourcecode.c.objc; path = DietViewController.m; sourceTree = "<group>"; };
		84747E3E211BEF7D00389965 /* BookViewController.h */ = {isa = PBXFileReference; lastKnownFileType = sourcecode.c.h; path = BookViewController.h; sourceTree = "<group>"; };
		84747E3F211BEF7D00389965 /* BookViewController.m */ = {isa = PBXFileReference; lastKnownFileType = sourcecode.c.objc; path = BookViewController.m; sourceTree = "<group>"; };
		84747E41211BEFA700389965 /* VideoViewController.h */ = {isa = PBXFileReference; lastKnownFileType = sourcecode.c.h; path = VideoViewController.h; sourceTree = "<group>"; };
		84747E42211BEFA700389965 /* VideoViewController.m */ = {isa = PBXFileReference; lastKnownFileType = sourcecode.c.objc; path = VideoViewController.m; sourceTree = "<group>"; };
		84747E44211C309100389965 /* UserInfoViewController.h */ = {isa = PBXFileReference; lastKnownFileType = sourcecode.c.h; path = UserInfoViewController.h; sourceTree = "<group>"; };
		84747E45211C309100389965 /* UserInfoViewController.m */ = {isa = PBXFileReference; lastKnownFileType = sourcecode.c.objc; path = UserInfoViewController.m; sourceTree = "<group>"; };
		84747E47211C30C500389965 /* SettingViewController.h */ = {isa = PBXFileReference; lastKnownFileType = sourcecode.c.h; path = SettingViewController.h; sourceTree = "<group>"; };
		84747E48211C30C500389965 /* SettingViewController.m */ = {isa = PBXFileReference; lastKnownFileType = sourcecode.c.objc; path = SettingViewController.m; sourceTree = "<group>"; };
		84747E4A211C310B00389965 /* StatisticsViewController.h */ = {isa = PBXFileReference; lastKnownFileType = sourcecode.c.h; path = StatisticsViewController.h; sourceTree = "<group>"; };
		84747E4B211C310B00389965 /* StatisticsViewController.m */ = {isa = PBXFileReference; lastKnownFileType = sourcecode.c.objc; path = StatisticsViewController.m; sourceTree = "<group>"; };
		84747E4D211C34F100389965 /* AccountViewController.h */ = {isa = PBXFileReference; lastKnownFileType = sourcecode.c.h; path = AccountViewController.h; sourceTree = "<group>"; };
		84747E4E211C34F100389965 /* AccountViewController.m */ = {isa = PBXFileReference; lastKnownFileType = sourcecode.c.objc; path = AccountViewController.m; sourceTree = "<group>"; };
		8493BC0F22AF596E0065C05B /* BasePopupViewController.h */ = {isa = PBXFileReference; lastKnownFileType = sourcecode.c.h; path = BasePopupViewController.h; sourceTree = "<group>"; };
		8493BC1022AF596E0065C05B /* BasePopupViewController.m */ = {isa = PBXFileReference; lastKnownFileType = sourcecode.c.objc; path = BasePopupViewController.m; sourceTree = "<group>"; };
		8493BC1222AF5B680065C05B /* CommonAlertViewController.h */ = {isa = PBXFileReference; lastKnownFileType = sourcecode.c.h; path = CommonAlertViewController.h; sourceTree = "<group>"; };
		8493BC1322AF5B680065C05B /* CommonAlertViewController.m */ = {isa = PBXFileReference; lastKnownFileType = sourcecode.c.objc; path = CommonAlertViewController.m; sourceTree = "<group>"; };
		84C532C621E32B7100E9B909 /* nav_back@2x.png */ = {isa = PBXFileReference; lastKnownFileType = image.png; path = "nav_back@2x.png"; sourceTree = "<group>"; };
		84C532C721E32B7100E9B909 /* nav_back@3x.png */ = {isa = PBXFileReference; lastKnownFileType = image.png; path = "nav_back@3x.png"; sourceTree = "<group>"; };
		84C532D221E3307000E9B909 /* tab_bar_me_normal@2x.png */ = {isa = PBXFileReference; lastKnownFileType = image.png; path = "tab_bar_me_normal@2x.png"; sourceTree = "<group>"; };
		84C532D321E3307000E9B909 /* tab_bar_me_normal@3x.png */ = {isa = PBXFileReference; lastKnownFileType = image.png; path = "tab_bar_me_normal@3x.png"; sourceTree = "<group>"; };
		84C532D421E3307000E9B909 /* tab_bar_me_selected@2x.png */ = {isa = PBXFileReference; lastKnownFileType = image.png; path = "tab_bar_me_selected@2x.png"; sourceTree = "<group>"; };
		84C532D521E3307000E9B909 /* tab_bar_me_selected@3x.png */ = {isa = PBXFileReference; lastKnownFileType = image.png; path = "tab_bar_me_selected@3x.png"; sourceTree = "<group>"; };
		84C532DA21E3335C00E9B909 /* tab_bar_day_normal@3x.png */ = {isa = PBXFileReference; lastKnownFileType = image.png; path = "tab_bar_day_normal@3x.png"; sourceTree = "<group>"; };
		84C532DB21E3335C00E9B909 /* tab_bar_day_selected@2x.png */ = {isa = PBXFileReference; lastKnownFileType = image.png; path = "tab_bar_day_selected@2x.png"; sourceTree = "<group>"; };
		84C532DC21E3335C00E9B909 /* tab_bar_day_normal@2x.png */ = {isa = PBXFileReference; lastKnownFileType = image.png; path = "tab_bar_day_normal@2x.png"; sourceTree = "<group>"; };
		84C532DD21E3335C00E9B909 /* tab_bar_day_selected@3x.png */ = {isa = PBXFileReference; lastKnownFileType = image.png; path = "tab_bar_day_selected@3x.png"; sourceTree = "<group>"; };
		84C532E221E3336200E9B909 /* tab_bar_night_selected@3x.png */ = {isa = PBXFileReference; lastKnownFileType = image.png; path = "tab_bar_night_selected@3x.png"; sourceTree = "<group>"; };
		84C532E321E3336200E9B909 /* tab_bar_night_normal@2x.png */ = {isa = PBXFileReference; lastKnownFileType = image.png; path = "tab_bar_night_normal@2x.png"; sourceTree = "<group>"; };
		84C532E421E3336200E9B909 /* tab_bar_night_normal@3x.png */ = {isa = PBXFileReference; lastKnownFileType = image.png; path = "tab_bar_night_normal@3x.png"; sourceTree = "<group>"; };
		84C532E521E3336200E9B909 /* tab_bar_night_selected@2x.png */ = {isa = PBXFileReference; lastKnownFileType = image.png; path = "tab_bar_night_selected@2x.png"; sourceTree = "<group>"; };
		84C532EA21E338BB00E9B909 /* me_account@2x.png */ = {isa = PBXFileReference; lastKnownFileType = image.png; path = "me_account@2x.png"; sourceTree = "<group>"; };
		84C532EB21E338BB00E9B909 /* me_setting@2x.png */ = {isa = PBXFileReference; lastKnownFileType = image.png; path = "me_setting@2x.png"; sourceTree = "<group>"; };
		84C532EC21E338BB00E9B909 /* me_setting@3x.png */ = {isa = PBXFileReference; lastKnownFileType = image.png; path = "me_setting@3x.png"; sourceTree = "<group>"; };
		84C532ED21E338BB00E9B909 /* me_account@3x..png */ = {isa = PBXFileReference; lastKnownFileType = image.png; path = "me_account@3x..png"; sourceTree = "<group>"; };
		84C532F621E3395200E9B909 /* avatar.png */ = {isa = PBXFileReference; lastKnownFileType = image.png; path = avatar.png; sourceTree = "<group>"; };
		84C5330821E33D6700E9B909 /* me_statistical@2x.png */ = {isa = PBXFileReference; lastKnownFileType = image.png; path = "me_statistical@2x.png"; sourceTree = "<group>"; };
		84C5330921E33D6700E9B909 /* me_statistical@3x.png */ = {isa = PBXFileReference; lastKnownFileType = image.png; path = "me_statistical@3x.png"; sourceTree = "<group>"; };
		84C5330D21E33E3500E9B909 /* MeCell.h */ = {isa = PBXFileReference; lastKnownFileType = sourcecode.c.h; path = MeCell.h; sourceTree = "<group>"; };
		84C5330E21E33E3500E9B909 /* MeCell.m */ = {isa = PBXFileReference; lastKnownFileType = sourcecode.c.objc; path = MeCell.m; sourceTree = "<group>"; };
		84C5331021E348B300E9B909 /* login_qq@3x.png */ = {isa = PBXFileReference; lastKnownFileType = image.png; path = "login_qq@3x.png"; sourceTree = "<group>"; };
		84C5331121E348B300E9B909 /* login_wechat@3x.png */ = {isa = PBXFileReference; lastKnownFileType = image.png; path = "login_wechat@3x.png"; sourceTree = "<group>"; };
		84C5331221E348B300E9B909 /* login_sina@3x.png */ = {isa = PBXFileReference; lastKnownFileType = image.png; path = "login_sina@3x.png"; sourceTree = "<group>"; };
		84C5331321E348B300E9B909 /* login_sina@2x.png */ = {isa = PBXFileReference; lastKnownFileType = image.png; path = "login_sina@2x.png"; sourceTree = "<group>"; };
		84C5331421E348B300E9B909 /* login_qq@2x.png */ = {isa = PBXFileReference; lastKnownFileType = image.png; path = "login_qq@2x.png"; sourceTree = "<group>"; };
		84C5331521E348B400E9B909 /* login_wechat@2x.png */ = {isa = PBXFileReference; lastKnownFileType = image.png; path = "login_wechat@2x.png"; sourceTree = "<group>"; };
		84C5331C21E3515000E9B909 /* BaseNavigationController.h */ = {isa = PBXFileReference; lastKnownFileType = sourcecode.c.h; path = BaseNavigationController.h; sourceTree = "<group>"; };
		84C5331D21E3515000E9B909 /* BaseNavigationController.m */ = {isa = PBXFileReference; lastKnownFileType = sourcecode.c.objc; path = BaseNavigationController.m; sourceTree = "<group>"; };
		84C64C4621DDB18700B69D56 /* BirthdayViewController.h */ = {isa = PBXFileReference; lastKnownFileType = sourcecode.c.h; path = BirthdayViewController.h; sourceTree = "<group>"; };
		84C64C4721DDB18700B69D56 /* BirthdayViewController.m */ = {isa = PBXFileReference; lastKnownFileType = sourcecode.c.objc; path = BirthdayViewController.m; sourceTree = "<group>"; };
		84D2A376219BFC4500932FDE /* LoginViewController.h */ = {isa = PBXFileReference; lastKnownFileType = sourcecode.c.h; path = LoginViewController.h; sourceTree = "<group>"; };
		84D2A377219BFC4500932FDE /* LoginViewController.m */ = {isa = PBXFileReference; lastKnownFileType = sourcecode.c.objc; path = LoginViewController.m; sourceTree = "<group>"; };
		84D2A378219BFC4500932FDE /* LoginViewController.xib */ = {isa = PBXFileReference; lastKnownFileType = file.xib; path = LoginViewController.xib; sourceTree = "<group>"; };
		84DB9D8721E4418600D14589 /* MBProgressHUD+SCProgressHUD.h */ = {isa = PBXFileReference; lastKnownFileType = sourcecode.c.h; path = "MBProgressHUD+SCProgressHUD.h"; sourceTree = "<group>"; };
		84DB9D8821E4418600D14589 /* MBProgressHUD+SCProgressHUD.m */ = {isa = PBXFileReference; lastKnownFileType = sourcecode.c.objc; path = "MBProgressHUD+SCProgressHUD.m"; sourceTree = "<group>"; };
		84F36E782119856700C571C2 /* BaseTableViewController.h */ = {isa = PBXFileReference; lastKnownFileType = sourcecode.c.h; path = BaseTableViewController.h; sourceTree = "<group>"; };
		84F36E792119856700C571C2 /* BaseTableViewController.m */ = {isa = PBXFileReference; lastKnownFileType = sourcecode.c.objc; path = BaseTableViewController.m; sourceTree = "<group>"; };
		84F6473821AF887E003CE863 /* qr_code@2x.png */ = {isa = PBXFileReference; lastKnownFileType = image.png; path = "qr_code@2x.png"; sourceTree = "<group>"; };
		84F6473921AF887E003CE863 /* qr_code@3x.png */ = {isa = PBXFileReference; lastKnownFileType = image.png; path = "qr_code@3x.png"; sourceTree = "<group>"; };
		84F6473C21AF8A71003CE863 /* nav_more@3x.png */ = {isa = PBXFileReference; lastKnownFileType = image.png; path = "nav_more@3x.png"; sourceTree = "<group>"; };
		84F6473D21AF8A71003CE863 /* nav_more@2x.png */ = {isa = PBXFileReference; lastKnownFileType = image.png; path = "nav_more@2x.png"; sourceTree = "<group>"; };
		84F82227210979BB0006A913 /* OneDay.app */ = {isa = PBXFileReference; explicitFileType = wrapper.application; includeInIndex = 0; path = OneDay.app; sourceTree = BUILT_PRODUCTS_DIR; };
		84F82233210979C30006A913 /* Assets.xcassets */ = {isa = PBXFileReference; lastKnownFileType = folder.assetcatalog; path = Assets.xcassets; sourceTree = "<group>"; };
		84F82236210979C30006A913 /* Base */ = {isa = PBXFileReference; lastKnownFileType = file.storyboard; name = Base; path = Base.lproj/LaunchScreen.storyboard; sourceTree = "<group>"; };
		84F82238210979C30006A913 /* Info.plist */ = {isa = PBXFileReference; lastKnownFileType = text.plist.xml; path = Info.plist; sourceTree = "<group>"; };
		84F82239210979C30006A913 /* main.m */ = {isa = PBXFileReference; lastKnownFileType = sourcecode.c.objc; path = main.m; sourceTree = "<group>"; };
/* End PBXFileReference section */

/* Begin PBXFrameworksBuildPhase section */
		84F82224210979BB0006A913 /* Frameworks */ = {
			isa = PBXFrameworksBuildPhase;
			buildActionMask = 2147483647;
			files = (
				A33AB185E242E0BF17DEF81A /* libPods-OneDay.a in Frameworks */,
			);
			runOnlyForDeploymentPostprocessing = 0;
		};
/* End PBXFrameworksBuildPhase section */

/* Begin PBXGroup section */
		328EB346A1921A3CAC5D9012 /* Frameworks */ = {
			isa = PBXGroup;
			children = (
				41724F5F221B7D44F0E33FA4 /* libPods-OneDay.a */,
			);
			name = Frameworks;
			sourceTree = "<group>";
		};
		8401789B21A5321E00BBF45F /* Extension */ = {
			isa = PBXGroup;
			children = (
				8401789C21A5327600BBF45F /* UIBarButtonItem+SCBarButtonItem.h */,
				8401789D21A5327600BBF45F /* UIBarButtonItem+SCBarButtonItem.m */,
				84DB9D8721E4418600D14589 /* MBProgressHUD+SCProgressHUD.h */,
				84DB9D8821E4418600D14589 /* MBProgressHUD+SCProgressHUD.m */,
			);
			path = Extension;
			sourceTree = "<group>";
		};
		84253C4922DDA2E8007D2ACE /* View */ = {
			isa = PBXGroup;
			children = (
				84253C4A22DDA30D007D2ACE /* DayCell.h */,
				84253C4B22DDA30D007D2ACE /* DayCell.m */,
			);
			path = View;
			sourceTree = "<group>";
		};
		84253C4D22DDA314007D2ACE /* Model */ = {
			isa = PBXGroup;
			children = (
				84253C4E22DDA334007D2ACE /* DayModel.h */,
				84253C4F22DDA334007D2ACE /* DayModel.m */,
			);
			path = Model;
			sourceTree = "<group>";
		};
		84253C5122DDAC0D007D2ACE /* common */ = {
			isa = PBXGroup;
			children = (
				84253C5522DDAC1F007D2ACE /* bp1@2x.png */,
				84253C5722DDAC1F007D2ACE /* bp1@3x.png */,
				84253C5422DDAC1F007D2ACE /* bp2@2x.png */,
				84253C5222DDAC1F007D2ACE /* bp2@3x.png */,
				84253C5322DDAC1F007D2ACE /* bp3@2x.png */,
				84253C5622DDAC1F007D2ACE /* bp3@3x.png */,
			);
			path = common;
			sourceTree = "<group>";
		};
		8449E15D2118467F00DF4F21 /* All */ = {
			isa = PBXGroup;
			children = (
				8493BC0E22AF594B0065C05B /* PopupViewController */,
				8449E15E211846A100DF4F21 /* Resource */,
				8449E166211846A100DF4F21 /* Delegate */,
				8449E172211846A100DF4F21 /* Base */,
				8401789B21A5321E00BBF45F /* Extension */,
				84747E34211BE10500389965 /* Util */,
				845AB1142119A0D0002DE3FE /* Config */,
				8449E169211846A100DF4F21 /* Modules */,
			);
			path = All;
			sourceTree = "<group>";
		};
		8449E15E211846A100DF4F21 /* Resource */ = {
			isa = PBXGroup;
			children = (
				84253C5122DDAC0D007D2ACE /* common */,
				84C532C521E32B6500E9B909 /* nav */,
				84D2A37B219BFDF400932FDE /* login */,
				8449E15F211846A100DF4F21 /* tabbar */,
				84D2A398219C14A700932FDE /* me */,
			);
			path = Resource;
			sourceTree = "<group>";
		};
		8449E15F211846A100DF4F21 /* tabbar */ = {
			isa = PBXGroup;
			children = (
				84C532DC21E3335C00E9B909 /* tab_bar_day_normal@2x.png */,
				84C532DA21E3335C00E9B909 /* tab_bar_day_normal@3x.png */,
				84C532DB21E3335C00E9B909 /* tab_bar_day_selected@2x.png */,
				84C532DD21E3335C00E9B909 /* tab_bar_day_selected@3x.png */,
				84C532E321E3336200E9B909 /* tab_bar_night_normal@2x.png */,
				84C532E421E3336200E9B909 /* tab_bar_night_normal@3x.png */,
				84C532E521E3336200E9B909 /* tab_bar_night_selected@2x.png */,
				84C532E221E3336200E9B909 /* tab_bar_night_selected@3x.png */,
				84C532D221E3307000E9B909 /* tab_bar_me_normal@2x.png */,
				84C532D321E3307000E9B909 /* tab_bar_me_normal@3x.png */,
				84C532D421E3307000E9B909 /* tab_bar_me_selected@2x.png */,
				84C532D521E3307000E9B909 /* tab_bar_me_selected@3x.png */,
			);
			path = tabbar;
			sourceTree = "<group>";
		};
		8449E166211846A100DF4F21 /* Delegate */ = {
			isa = PBXGroup;
			children = (
				8449E167211846A100DF4F21 /* AppDelegate.h */,
				8449E168211846A100DF4F21 /* AppDelegate.m */,
			);
			path = Delegate;
			sourceTree = "<group>";
		};
		8449E169211846A100DF4F21 /* Modules */ = {
			isa = PBXGroup;
			children = (
				84D2A372219BD35E00932FDE /* Login */,
				84C5A6F0211A8B6600E96CAB /* Day */,
				84C5A6F2211A8B7D00E96CAB /* Night */,
				84C5A6F1211A8B7700E96CAB /* Me */,
			);
			path = Modules;
			sourceTree = "<group>";
		};
		8449E172211846A100DF4F21 /* Base */ = {
			isa = PBXGroup;
			children = (
				8449E176211846A100DF4F21 /* BaseViewController.h */,
				8449E173211846A100DF4F21 /* BaseViewController.m */,
				84F36E782119856700C571C2 /* BaseTableViewController.h */,
				84F36E792119856700C571C2 /* BaseTableViewController.m */,
				845AB11B2119D43C002DE3FE /* BaseCollectionViewController.h */,
				845AB11C2119D43C002DE3FE /* BaseCollectionViewController.m */,
				8449E174211846A100DF4F21 /* BaseTabBarController.h */,
				8449E175211846A100DF4F21 /* BaseTabBarController.m */,
				84C5331C21E3515000E9B909 /* BaseNavigationController.h */,
				84C5331D21E3515000E9B909 /* BaseNavigationController.m */,
			);
			path = Base;
			sourceTree = "<group>";
		};
		845AB1142119A0D0002DE3FE /* Config */ = {
			isa = PBXGroup;
			children = (
				845AB1172119B86E002DE3FE /* Prefix.pch */,
			);
			path = Config;
			sourceTree = "<group>";
		};
		84747E34211BE10500389965 /* Util */ = {
			isa = PBXGroup;
			children = (
				84747E35211BE13200389965 /* Util.h */,
				84747E36211BE13200389965 /* Util.m */,
			);
			path = Util;
			sourceTree = "<group>";
		};
		8493BC0E22AF594B0065C05B /* PopupViewController */ = {
			isa = PBXGroup;
			children = (
				8493BC0F22AF596E0065C05B /* BasePopupViewController.h */,
				8493BC1022AF596E0065C05B /* BasePopupViewController.m */,
				8493BC1222AF5B680065C05B /* CommonAlertViewController.h */,
				8493BC1322AF5B680065C05B /* CommonAlertViewController.m */,
			);
			path = PopupViewController;
			sourceTree = "<group>";
		};
		84C532C521E32B6500E9B909 /* nav */ = {
			isa = PBXGroup;
			children = (
				84C532C621E32B7100E9B909 /* nav_back@2x.png */,
				84C532C721E32B7100E9B909 /* nav_back@3x.png */,
				84F6473D21AF8A71003CE863 /* nav_more@2x.png */,
				84F6473C21AF8A71003CE863 /* nav_more@3x.png */,
			);
			path = nav;
			sourceTree = "<group>";
		};
		84C5330C21E33E1C00E9B909 /* View */ = {
			isa = PBXGroup;
			children = (
				84C5330D21E33E3500E9B909 /* MeCell.h */,
				84C5330E21E33E3500E9B909 /* MeCell.m */,
			);
			path = View;
			sourceTree = "<group>";
		};
		84C5A6F0211A8B6600E96CAB /* Day */ = {
			isa = PBXGroup;
			children = (
				84C5A6F3211A8B8F00E96CAB /* Controller */,
				84253C4922DDA2E8007D2ACE /* View */,
				84253C4D22DDA314007D2ACE /* Model */,
			);
			path = Day;
			sourceTree = "<group>";
		};
		84C5A6F1211A8B7700E96CAB /* Me */ = {
			isa = PBXGroup;
			children = (
				84C5A6F6211A8BB300E96CAB /* Controller */,
				84C5330C21E33E1C00E9B909 /* View */,
			);
			path = Me;
			sourceTree = "<group>";
		};
		84C5A6F2211A8B7D00E96CAB /* Night */ = {
			isa = PBXGroup;
			children = (
				84C5A6F5211A8BAB00E96CAB /* Controller */,
				84C5A6F4211A8BA600E96CAB /* View */,
			);
			path = Night;
			sourceTree = "<group>";
		};
		84C5A6F3211A8B8F00E96CAB /* Controller */ = {
			isa = PBXGroup;
			children = (
				8449E16C211846A100DF4F21 /* DayViewController.h */,
				8449E16F211846A100DF4F21 /* DayViewController.m */,
			);
			path = Controller;
			sourceTree = "<group>";
		};
		84C5A6F4211A8BA600E96CAB /* View */ = {
			isa = PBXGroup;
			children = (
				845AB11E2119D6FF002DE3FE /* NightCell.h */,
				845AB11F2119D6FF002DE3FE /* NightCell.m */,
			);
			path = View;
			sourceTree = "<group>";
		};
		84C5A6F5211A8BAB00E96CAB /* Controller */ = {
			isa = PBXGroup;
			children = (
				845AB1182119D2FA002DE3FE /* NightViewController.h */,
				845AB1192119D2FA002DE3FE /* NightViewController.m */,
				84747E38211BEF4800389965 /* SleepViewController.h */,
				84747E39211BEF4800389965 /* SleepViewController.m */,
				84747E3B211BEF6E00389965 /* DietViewController.h */,
				84747E3C211BEF6E00389965 /* DietViewController.m */,
				84747E41211BEFA700389965 /* VideoViewController.h */,
				84747E42211BEFA700389965 /* VideoViewController.m */,
				84747E3E211BEF7D00389965 /* BookViewController.h */,
				84747E3F211BEF7D00389965 /* BookViewController.m */,
			);
			path = Controller;
			sourceTree = "<group>";
		};
		84C5A6F6211A8BB300E96CAB /* Controller */ = {
			isa = PBXGroup;
			children = (
				8449E16B211846A100DF4F21 /* MeViewController.h */,
				8449E16E211846A100DF4F21 /* MeViewController.m */,
				84747E44211C309100389965 /* UserInfoViewController.h */,
				84747E45211C309100389965 /* UserInfoViewController.m */,
				8401788F21A4FD6200BBF45F /* UserAvatarViewController.h */,
				8401789021A4FD6200BBF45F /* UserAvatarViewController.m */,
				8401789221A4FD8000BBF45F /* UserNicknameViewController.h */,
				8401789321A4FD8000BBF45F /* UserNicknameViewController.m */,
				8401789521A4FD8D00BBF45F /* UserQRCodeViewController.h */,
				8401789621A4FD8D00BBF45F /* UserQRCodeViewController.m */,
				8401789821A4FDAB00BBF45F /* UserSignatureViewController.h */,
				8401789921A4FDAB00BBF45F /* UserSignatureViewController.m */,
				84C64C4621DDB18700B69D56 /* BirthdayViewController.h */,
				84C64C4721DDB18700B69D56 /* BirthdayViewController.m */,
				84747E4A211C310B00389965 /* StatisticsViewController.h */,
				84747E4B211C310B00389965 /* StatisticsViewController.m */,
				84747E4D211C34F100389965 /* AccountViewController.h */,
				84747E4E211C34F100389965 /* AccountViewController.m */,
				84747E47211C30C500389965 /* SettingViewController.h */,
				84747E48211C30C500389965 /* SettingViewController.m */,
			);
			path = Controller;
			sourceTree = "<group>";
		};
		84D2A372219BD35E00932FDE /* Login */ = {
			isa = PBXGroup;
			children = (
				84D2A376219BFC4500932FDE /* LoginViewController.h */,
				84D2A377219BFC4500932FDE /* LoginViewController.m */,
				84D2A378219BFC4500932FDE /* LoginViewController.xib */,
			);
			path = Login;
			sourceTree = "<group>";
		};
		84D2A37B219BFDF400932FDE /* login */ = {
			isa = PBXGroup;
			children = (
				84C5331421E348B300E9B909 /* login_qq@2x.png */,
				84C5331021E348B300E9B909 /* login_qq@3x.png */,
				84C5331321E348B300E9B909 /* login_sina@2x.png */,
				84C5331221E348B300E9B909 /* login_sina@3x.png */,
				84C5331521E348B400E9B909 /* login_wechat@2x.png */,
				84C5331121E348B300E9B909 /* login_wechat@3x.png */,
			);
			path = login;
			sourceTree = "<group>";
		};
		84D2A398219C14A700932FDE /* me */ = {
			isa = PBXGroup;
			children = (
				84C532F621E3395200E9B909 /* avatar.png */,
				84F6473821AF887E003CE863 /* qr_code@2x.png */,
				84F6473921AF887E003CE863 /* qr_code@3x.png */,
				84C5330821E33D6700E9B909 /* me_statistical@2x.png */,
				84C5330921E33D6700E9B909 /* me_statistical@3x.png */,
				84C532EA21E338BB00E9B909 /* me_account@2x.png */,
				84C532ED21E338BB00E9B909 /* me_account@3x..png */,
				84C532EB21E338BB00E9B909 /* me_setting@2x.png */,
				84C532EC21E338BB00E9B909 /* me_setting@3x.png */,
			);
			path = me;
			sourceTree = "<group>";
		};
		84F8221E210979BB0006A913 = {
			isa = PBXGroup;
			children = (
				84F82229210979BB0006A913 /* OneDay */,
				84F82228210979BB0006A913 /* Products */,
				B91C7F132E0090EC408F462A /* Pods */,
				328EB346A1921A3CAC5D9012 /* Frameworks */,
			);
			sourceTree = "<group>";
		};
		84F82228210979BB0006A913 /* Products */ = {
			isa = PBXGroup;
			children = (
				84F82227210979BB0006A913 /* OneDay.app */,
			);
			name = Products;
			sourceTree = "<group>";
		};
		84F82229210979BB0006A913 /* OneDay */ = {
			isa = PBXGroup;
			children = (
				8449E15D2118467F00DF4F21 /* All */,
				84F82233210979C30006A913 /* Assets.xcassets */,
				84F82235210979C30006A913 /* LaunchScreen.storyboard */,
				84F82238210979C30006A913 /* Info.plist */,
				84F82239210979C30006A913 /* main.m */,
			);
			path = OneDay;
			sourceTree = "<group>";
		};
		B91C7F132E0090EC408F462A /* Pods */ = {
			isa = PBXGroup;
			children = (
				6A77CFD7D77D502523D69500 /* Pods-OneDay.debug.xcconfig */,
				3381E7E8FF389BAAA29D9148 /* Pods-OneDay.release.xcconfig */,
			);
			name = Pods;
			sourceTree = "<group>";
		};
/* End PBXGroup section */

/* Begin PBXNativeTarget section */
		84F82226210979BB0006A913 /* OneDay */ = {
			isa = PBXNativeTarget;
			buildConfigurationList = 84F8223D210979C30006A913 /* Build configuration list for PBXNativeTarget "OneDay" */;
			buildPhases = (
				21A7D510BB055D5C199AC8FC /* [CP] Check Pods Manifest.lock */,
				84F82223210979BB0006A913 /* Sources */,
				84F82224210979BB0006A913 /* Frameworks */,
				84F82225210979BB0006A913 /* Resources */,
				80AD6ACE76C49B90FC875080 /* [CP] Copy Pods Resources */,
			);
			buildRules = (
			);
			dependencies = (
			);
			name = OneDay;
			productName = OneDay;
			productReference = 84F82227210979BB0006A913 /* OneDay.app */;
			productType = "com.apple.product-type.application";
		};
/* End PBXNativeTarget section */

/* Begin PBXProject section */
		84F8221F210979BB0006A913 /* Project object */ = {
			isa = PBXProject;
			attributes = {
				LastUpgradeCheck = 0940;
				ORGANIZATIONNAME = admin;
				TargetAttributes = {
					84F82226210979BB0006A913 = {
						CreatedOnToolsVersion = 9.4;
					};
				};
			};
			buildConfigurationList = 84F82222210979BB0006A913 /* Build configuration list for PBXProject "OneDay" */;
			compatibilityVersion = "Xcode 9.3";
			developmentRegion = en;
			hasScannedForEncodings = 0;
			knownRegions = (
				en,
				Base,
			);
			mainGroup = 84F8221E210979BB0006A913;
			productRefGroup = 84F82228210979BB0006A913 /* Products */;
			projectDirPath = "";
			projectRoot = "";
			targets = (
				84F82226210979BB0006A913 /* OneDay */,
			);
		};
/* End PBXProject section */

/* Begin PBXResourcesBuildPhase section */
		84F82225210979BB0006A913 /* Resources */ = {
			isa = PBXResourcesBuildPhase;
			buildActionMask = 2147483647;
			files = (
				84C5331B21E348B400E9B909 /* login_wechat@2x.png in Resources */,
				84F82237210979C30006A913 /* LaunchScreen.storyboard in Resources */,
				84253C5C22DDAC1F007D2ACE /* bp3@3x.png in Resources */,
				84253C5822DDAC1F007D2ACE /* bp2@3x.png in Resources */,
				84F6473E21AF8A71003CE863 /* nav_more@3x.png in Resources */,
				84C532C821E32B7100E9B909 /* nav_back@2x.png in Resources */,
				84C532F221E338BB00E9B909 /* me_setting@3x.png in Resources */,
				84C532D621E3307000E9B909 /* tab_bar_me_normal@2x.png in Resources */,
				84F82234210979C30006A913 /* Assets.xcassets in Resources */,
				84C532E021E3335C00E9B909 /* tab_bar_day_normal@2x.png in Resources */,
				84253C5A22DDAC1F007D2ACE /* bp2@2x.png in Resources */,
				84253C5B22DDAC1F007D2ACE /* bp1@2x.png in Resources */,
				84C532E121E3335C00E9B909 /* tab_bar_day_selected@3x.png in Resources */,
				84C532C921E32B7100E9B909 /* nav_back@3x.png in Resources */,
				84C532D721E3307000E9B909 /* tab_bar_me_normal@3x.png in Resources */,
				84C5330B21E33D6700E9B909 /* me_statistical@3x.png in Resources */,
				84C5331721E348B400E9B909 /* login_wechat@3x.png in Resources */,
				84C532F121E338BB00E9B909 /* me_setting@2x.png in Resources */,
				84F6473B21AF887E003CE863 /* qr_code@3x.png in Resources */,
				84253C5922DDAC1F007D2ACE /* bp3@2x.png in Resources */,
				84C532E921E3336300E9B909 /* tab_bar_night_selected@2x.png in Resources */,
				84C532E621E3336300E9B909 /* tab_bar_night_selected@3x.png in Resources */,
				84C532E821E3336300E9B909 /* tab_bar_night_normal@3x.png in Resources */,
				84C5331921E348B400E9B909 /* login_sina@2x.png in Resources */,
				84C532DF21E3335C00E9B909 /* tab_bar_day_selected@2x.png in Resources */,
				84C5330A21E33D6700E9B909 /* me_statistical@2x.png in Resources */,
				84C532E721E3336300E9B909 /* tab_bar_night_normal@2x.png in Resources */,
				84253C5D22DDAC1F007D2ACE /* bp1@3x.png in Resources */,
				84F6473A21AF887E003CE863 /* qr_code@2x.png in Resources */,
				84C532DE21E3335C00E9B909 /* tab_bar_day_normal@3x.png in Resources */,
				84C532F021E338BB00E9B909 /* me_account@2x.png in Resources */,
				84C532D921E3307000E9B909 /* tab_bar_me_selected@3x.png in Resources */,
				84C5331A21E348B400E9B909 /* login_qq@2x.png in Resources */,
				84C532F321E338BB00E9B909 /* me_account@3x..png in Resources */,
				84C532F721E3395300E9B909 /* avatar.png in Resources */,
				84C5331821E348B400E9B909 /* login_sina@3x.png in Resources */,
				84C5331621E348B400E9B909 /* login_qq@3x.png in Resources */,
				84D2A37A219BFC4500932FDE /* LoginViewController.xib in Resources */,
				84C532D821E3307000E9B909 /* tab_bar_me_selected@2x.png in Resources */,
				84F6473F21AF8A71003CE863 /* nav_more@2x.png in Resources */,
			);
			runOnlyForDeploymentPostprocessing = 0;
		};
/* End PBXResourcesBuildPhase section */

/* Begin PBXShellScriptBuildPhase section */
		21A7D510BB055D5C199AC8FC /* [CP] Check Pods Manifest.lock */ = {
			isa = PBXShellScriptBuildPhase;
			buildActionMask = 2147483647;
			files = (
			);
			inputPaths = (
				"${PODS_PODFILE_DIR_PATH}/Podfile.lock",
				"${PODS_ROOT}/Manifest.lock",
			);
			name = "[CP] Check Pods Manifest.lock";
			outputPaths = (
				"$(DERIVED_FILE_DIR)/Pods-OneDay-checkManifestLockResult.txt",
			);
			runOnlyForDeploymentPostprocessing = 0;
			shellPath = /bin/sh;
			shellScript = "diff \"${PODS_PODFILE_DIR_PATH}/Podfile.lock\" \"${PODS_ROOT}/Manifest.lock\" > /dev/null\nif [ $? != 0 ] ; then\n    # print error to STDERR\n    echo \"error: The sandbox is not in sync with the Podfile.lock. Run 'pod install' or update your CocoaPods installation.\" >&2\n    exit 1\nfi\n# This output is used by Xcode 'outputs' to avoid re-running this script phase.\necho \"SUCCESS\" > \"${SCRIPT_OUTPUT_FILE_0}\"\n";
			showEnvVarsInLog = 0;
		};
		80AD6ACE76C49B90FC875080 /* [CP] Copy Pods Resources */ = {
			isa = PBXShellScriptBuildPhase;
			buildActionMask = 2147483647;
			files = (
			);
			inputPaths = (
				"${SRCROOT}/Pods/Target Support Files/Pods-OneDay/Pods-OneDay-resources.sh",
				"${PODS_ROOT}/MJRefresh/MJRefresh/MJRefresh.bundle",
			);
			name = "[CP] Copy Pods Resources";
			outputPaths = (
				"${TARGET_BUILD_DIR}/${UNLOCALIZED_RESOURCES_FOLDER_PATH}/MJRefresh.bundle",
			);
			runOnlyForDeploymentPostprocessing = 0;
			shellPath = /bin/sh;
			shellScript = "\"${SRCROOT}/Pods/Target Support Files/Pods-OneDay/Pods-OneDay-resources.sh\"\n";
			showEnvVarsInLog = 0;
		};
/* End PBXShellScriptBuildPhase section */

/* Begin PBXSourcesBuildPhase section */
		84F82223210979BB0006A913 /* Sources */ = {
			isa = PBXSourcesBuildPhase;
			buildActionMask = 2147483647;
			files = (
				84747E43211BEFA700389965 /* VideoViewController.m in Sources */,
				84747E3A211BEF4800389965 /* SleepViewController.m in Sources */,
				84253C4C22DDA30D007D2ACE /* DayCell.m in Sources */,
				84747E49211C30C500389965 /* SettingViewController.m in Sources */,
				84DB9D8921E4418600D14589 /* MBProgressHUD+SCProgressHUD.m in Sources */,
				84747E4C211C310B00389965 /* StatisticsViewController.m in Sources */,
				84D2A379219BFC4500932FDE /* LoginViewController.m in Sources */,
				8449E17D211846A100DF4F21 /* AppDelegate.m in Sources */,
				84747E3D211BEF6E00389965 /* DietViewController.m in Sources */,
				8401789E21A5327600BBF45F /* UIBarButtonItem+SCBarButtonItem.m in Sources */,
				84C5331E21E3515000E9B909 /* BaseNavigationController.m in Sources */,
				845AB1202119D6FF002DE3FE /* NightCell.m in Sources */,
				845AB11D2119D43C002DE3FE /* BaseCollectionViewController.m in Sources */,
				8449E181211846A100DF4F21 /* BaseViewController.m in Sources */,
				84253C5022DDA334007D2ACE /* DayModel.m in Sources */,
				8401789721A4FD8D00BBF45F /* UserQRCodeViewController.m in Sources */,
				845AB11A2119D2FA002DE3FE /* NightViewController.m in Sources */,
				8493BC1122AF596E0065C05B /* BasePopupViewController.m in Sources */,
				8401789121A4FD6200BBF45F /* UserAvatarViewController.m in Sources */,
				84C5330F21E33E3500E9B909 /* MeCell.m in Sources */,
				84747E4F211C34F100389965 /* AccountViewController.m in Sources */,
				84F8223A210979C30006A913 /* main.m in Sources */,
				8449E182211846A100DF4F21 /* BaseTabBarController.m in Sources */,
				8401789A21A4FDAB00BBF45F /* UserSignatureViewController.m in Sources */,
				84747E40211BEF7D00389965 /* BookViewController.m in Sources */,
				84C64C4821DDB18700B69D56 /* BirthdayViewController.m in Sources */,
				8449E17F211846A100DF4F21 /* DayViewController.m in Sources */,
				8401789421A4FD8000BBF45F /* UserNicknameViewController.m in Sources */,
				84747E37211BE13200389965 /* Util.m in Sources */,
				84747E46211C309100389965 /* UserInfoViewController.m in Sources */,
				8493BC1422AF5B680065C05B /* CommonAlertViewController.m in Sources */,
				8449E17E211846A100DF4F21 /* MeViewController.m in Sources */,
				84F36E7A2119856700C571C2 /* BaseTableViewController.m in Sources */,
			);
			runOnlyForDeploymentPostprocessing = 0;
		};
/* End PBXSourcesBuildPhase section */

/* Begin PBXVariantGroup section */
		84F82235210979C30006A913 /* LaunchScreen.storyboard */ = {
			isa = PBXVariantGroup;
			children = (
				84F82236210979C30006A913 /* Base */,
			);
			name = LaunchScreen.storyboard;
			sourceTree = "<group>";
		};
/* End PBXVariantGroup section */

/* Begin XCBuildConfiguration section */
		84F8223B210979C30006A913 /* Debug */ = {
			isa = XCBuildConfiguration;
			buildSettings = {
				ALWAYS_SEARCH_USER_PATHS = NO;
				CLANG_ANALYZER_NONNULL = YES;
				CLANG_ANALYZER_NUMBER_OBJECT_CONVERSION = YES_AGGRESSIVE;
				CLANG_CXX_LANGUAGE_STANDARD = "gnu++14";
				CLANG_CXX_LIBRARY = "libc++";
				CLANG_ENABLE_MODULES = YES;
				CLANG_ENABLE_OBJC_ARC = YES;
				CLANG_ENABLE_OBJC_WEAK = YES;
				CLANG_WARN_BLOCK_CAPTURE_AUTORELEASING = YES;
				CLANG_WARN_BOOL_CONVERSION = YES;
				CLANG_WARN_COMMA = YES;
				CLANG_WARN_CONSTANT_CONVERSION = YES;
				CLANG_WARN_DEPRECATED_OBJC_IMPLEMENTATIONS = YES;
				CLANG_WARN_DIRECT_OBJC_ISA_USAGE = YES_ERROR;
				CLANG_WARN_DOCUMENTATION_COMMENTS = YES;
				CLANG_WARN_EMPTY_BODY = YES;
				CLANG_WARN_ENUM_CONVERSION = YES;
				CLANG_WARN_INFINITE_RECURSION = YES;
				CLANG_WARN_INT_CONVERSION = YES;
				CLANG_WARN_NON_LITERAL_NULL_CONVERSION = YES;
				CLANG_WARN_OBJC_IMPLICIT_RETAIN_SELF = YES;
				CLANG_WARN_OBJC_LITERAL_CONVERSION = YES;
				CLANG_WARN_OBJC_ROOT_CLASS = YES_ERROR;
				CLANG_WARN_RANGE_LOOP_ANALYSIS = YES;
				CLANG_WARN_STRICT_PROTOTYPES = YES;
				CLANG_WARN_SUSPICIOUS_MOVE = YES;
				CLANG_WARN_UNGUARDED_AVAILABILITY = YES_AGGRESSIVE;
				CLANG_WARN_UNREACHABLE_CODE = YES;
				CLANG_WARN__DUPLICATE_METHOD_MATCH = YES;
				CODE_SIGN_IDENTITY = "iPhone Developer";
				COPY_PHASE_STRIP = NO;
				DEBUG_INFORMATION_FORMAT = dwarf;
				ENABLE_STRICT_OBJC_MSGSEND = YES;
				ENABLE_TESTABILITY = YES;
				GCC_C_LANGUAGE_STANDARD = gnu11;
				GCC_DYNAMIC_NO_PIC = NO;
				GCC_NO_COMMON_BLOCKS = YES;
				GCC_OPTIMIZATION_LEVEL = 0;
				GCC_PREPROCESSOR_DEFINITIONS = (
					"DEBUG=1",
					"$(inherited)",
				);
				GCC_WARN_64_TO_32_BIT_CONVERSION = YES;
				GCC_WARN_ABOUT_RETURN_TYPE = YES_ERROR;
				GCC_WARN_UNDECLARED_SELECTOR = YES;
				GCC_WARN_UNINITIALIZED_AUTOS = YES_AGGRESSIVE;
				GCC_WARN_UNUSED_FUNCTION = YES;
				GCC_WARN_UNUSED_VARIABLE = YES;
				IPHONEOS_DEPLOYMENT_TARGET = 11.4;
				MTL_ENABLE_DEBUG_INFO = YES;
				ONLY_ACTIVE_ARCH = YES;
				SDKROOT = iphoneos;
			};
			name = Debug;
		};
		84F8223C210979C30006A913 /* Release */ = {
			isa = XCBuildConfiguration;
			buildSettings = {
				ALWAYS_SEARCH_USER_PATHS = NO;
				CLANG_ANALYZER_NONNULL = YES;
				CLANG_ANALYZER_NUMBER_OBJECT_CONVERSION = YES_AGGRESSIVE;
				CLANG_CXX_LANGUAGE_STANDARD = "gnu++14";
				CLANG_CXX_LIBRARY = "libc++";
				CLANG_ENABLE_MODULES = YES;
				CLANG_ENABLE_OBJC_ARC = YES;
				CLANG_ENABLE_OBJC_WEAK = YES;
				CLANG_WARN_BLOCK_CAPTURE_AUTORELEASING = YES;
				CLANG_WARN_BOOL_CONVERSION = YES;
				CLANG_WARN_COMMA = YES;
				CLANG_WARN_CONSTANT_CONVERSION = YES;
				CLANG_WARN_DEPRECATED_OBJC_IMPLEMENTATIONS = YES;
				CLANG_WARN_DIRECT_OBJC_ISA_USAGE = YES_ERROR;
				CLANG_WARN_DOCUMENTATION_COMMENTS = YES;
				CLANG_WARN_EMPTY_BODY = YES;
				CLANG_WARN_ENUM_CONVERSION = YES;
				CLANG_WARN_INFINITE_RECURSION = YES;
				CLANG_WARN_INT_CONVERSION = YES;
				CLANG_WARN_NON_LITERAL_NULL_CONVERSION = YES;
				CLANG_WARN_OBJC_IMPLICIT_RETAIN_SELF = YES;
				CLANG_WARN_OBJC_LITERAL_CONVERSION = YES;
				CLANG_WARN_OBJC_ROOT_CLASS = YES_ERROR;
				CLANG_WARN_RANGE_LOOP_ANALYSIS = YES;
				CLANG_WARN_STRICT_PROTOTYPES = YES;
				CLANG_WARN_SUSPICIOUS_MOVE = YES;
				CLANG_WARN_UNGUARDED_AVAILABILITY = YES_AGGRESSIVE;
				CLANG_WARN_UNREACHABLE_CODE = YES;
				CLANG_WARN__DUPLICATE_METHOD_MATCH = YES;
				CODE_SIGN_IDENTITY = "iPhone Developer";
				COPY_PHASE_STRIP = NO;
				DEBUG_INFORMATION_FORMAT = "dwarf-with-dsym";
				ENABLE_NS_ASSERTIONS = NO;
				ENABLE_STRICT_OBJC_MSGSEND = YES;
				GCC_C_LANGUAGE_STANDARD = gnu11;
				GCC_NO_COMMON_BLOCKS = YES;
				GCC_WARN_64_TO_32_BIT_CONVERSION = YES;
				GCC_WARN_ABOUT_RETURN_TYPE = YES_ERROR;
				GCC_WARN_UNDECLARED_SELECTOR = YES;
				GCC_WARN_UNINITIALIZED_AUTOS = YES_AGGRESSIVE;
				GCC_WARN_UNUSED_FUNCTION = YES;
				GCC_WARN_UNUSED_VARIABLE = YES;
				IPHONEOS_DEPLOYMENT_TARGET = 11.4;
				MTL_ENABLE_DEBUG_INFO = NO;
				SDKROOT = iphoneos;
				VALIDATE_PRODUCT = YES;
			};
			name = Release;
		};
		84F8223E210979C30006A913 /* Debug */ = {
			isa = XCBuildConfiguration;
			baseConfigurationReference = 6A77CFD7D77D502523D69500 /* Pods-OneDay.debug.xcconfig */;
			buildSettings = {
				ASSETCATALOG_COMPILER_APPICON_NAME = AppIcon;
				CODE_SIGN_STYLE = Automatic;
				DEVELOPMENT_TEAM = EMQX9E3669;
				GCC_PRECOMPILE_PREFIX_HEADER = YES;
				GCC_PREFIX_HEADER = "$(SRCROOT)/OneDay/All/Config/Prefix.pch";
				INFOPLIST_FILE = OneDay/Info.plist;
				LD_RUNPATH_SEARCH_PATHS = (
					"$(inherited)",
					"@executable_path/Frameworks",
				);
				PRODUCT_BUNDLE_IDENTIFIER = nil.OneDay;
				PRODUCT_NAME = "$(TARGET_NAME)";
				TARGETED_DEVICE_FAMILY = "1,2";
			};
			name = Debug;
		};
		84F8223F210979C30006A913 /* Release */ = {
			isa = XCBuildConfiguration;
			baseConfigurationReference = 3381E7E8FF389BAAA29D9148 /* Pods-OneDay.release.xcconfig */;
			buildSettings = {
				ASSETCATALOG_COMPILER_APPICON_NAME = AppIcon;
				CODE_SIGN_STYLE = Automatic;
				DEVELOPMENT_TEAM = EMQX9E3669;
				GCC_PRECOMPILE_PREFIX_HEADER = YES;
				GCC_PREFIX_HEADER = "$(SRCROOT)/OneDay/All/Config/Prefix.pch";
				INFOPLIST_FILE = OneDay/Info.plist;
				LD_RUNPATH_SEARCH_PATHS = (
					"$(inherited)",
					"@executable_path/Frameworks",
				);
				PRODUCT_BUNDLE_IDENTIFIER = nil.OneDay;
				PRODUCT_NAME = "$(TARGET_NAME)";
				TARGETED_DEVICE_FAMILY = "1,2";
			};
			name = Release;
		};
/* End XCBuildConfiguration section */

/* Begin XCConfigurationList section */
		84F82222210979BB0006A913 /* Build configuration list for PBXProject "OneDay" */ = {
			isa = XCConfigurationList;
			buildConfigurations = (
				84F8223B210979C30006A913 /* Debug */,
				84F8223C210979C30006A913 /* Release */,
			);
			defaultConfigurationIsVisible = 0;
			defaultConfigurationName = Release;
		};
		84F8223D210979C30006A913 /* Build configuration list for PBXNativeTarget "OneDay" */ = {
			isa = XCConfigurationList;
			buildConfigurations = (
				84F8223E210979C30006A913 /* Debug */,
				84F8223F210979C30006A913 /* Release */,
			);
			defaultConfigurationIsVisible = 0;
			defaultConfigurationName = Release;
		};
/* End XCConfigurationList section */
	};
	rootObject = 84F8221F210979BB0006A913 /* Project object */;
}
